
Microsoft Visual Studio Solution File, Format Version 12.00
# Visual Studio Version 17
VisualStudioVersion = 17.5.002.0
MinimumVisualStudioVersion = 10.0.40219.1
Project("{9A19103F-16F7-4668-BE54-9A1E7A4F7556}") = "FrontEnd", "FrontEnd.csproj", "{781E1DAF-0D77-4F07-ABB4-D9236B5BF97E}"
EndProject
Global
	GlobalSection(SolutionConfigurationPlatforms) = preSolution
		Debug|Any CPU = Debug|Any CPU
		Release|Any CPU = Release|Any CPU
	EndGlobalSection
	GlobalSection(ProjectConfigurationPlatforms) = postSolution
		{781E1DAF-0D77-4F07-ABB4-D9236B5BF97E}.Debug|Any CPU.ActiveCfg = Debug|Any CPU
		{781E1DAF-0D77-4F07-ABB4-D9236B5BF97E}.Debug|Any CPU.Build.0 = Debug|Any CPU
		{781E1DAF-0D77-4F07-ABB4-D9236B5BF97E}.Release|Any CPU.ActiveCfg = Release|Any CPU
		{781E1DAF-0D77-4F07-ABB4-D9236B5BF97E}.Release|Any CPU.Build.0 = Release|Any CPU
	EndGlobalSection
	GlobalSection(SolutionProperties) = preSolution
		HideSolutionNode = FALSE
	EndGlobalSection
	GlobalSection(ExtensibilityGlobals) = postSolution
		SolutionGuid = {B074D472-BD72-4DAC-B127-05681D7BB8AD}
	EndGlobalSection
EndGlobal
